// !$*UTF8*$!
{
	archiveVersion = 1;
	classes = {
	};
	objectVersion = 56;
	objects = {

/* Begin PBXBuildFile section */
		59783AC82B4CF1A4009B8CCD /* ShuziApp.swift in Sources */ = {isa = PBXBuildFile; fileRef = 59783AC72B4CF1A4009B8CCD /* ShuziApp.swift */; };
		59783ACA2B4CF1A4009B8CCD /* ContentView.swift in Sources */ = {isa = PBXBuildFile; fileRef = 59783AC92B4CF1A4009B8CCD /* ContentView.swift */; };
		59783ACC2B4CF1A6009B8CCD /* Assets.xcassets in Resources */ = {isa = PBXBuildFile; fileRef = 59783ACB2B4CF1A6009B8CCD /* Assets.xcassets */; };
		59783AD02B4CF1A6009B8CCD /* Preview Assets.xcassets in Resources */ = {isa = PBXBuildFile; fileRef = 59783ACF2B4CF1A6009B8CCD /* Preview Assets.xcassets */; };
		59783ADA2B4CF1A7009B8CCD /* ShuziTests.swift in Sources */ = {isa = PBXBuildFile; fileRef = 59783AD92B4CF1A7009B8CCD /* ShuziTests.swift */; };
		59783AE42B4CF1A7009B8CCD /* ShuziUITests.swift in Sources */ = {isa = PBXBuildFile; fileRef = 59783AE32B4CF1A7009B8CCD /* ShuziUITests.swift */; };
		59783AE62B4CF1A7009B8CCD /* ShuziUITestsLaunchTests.swift in Sources */ = {isa = PBXBuildFile; fileRef = 59783AE52B4CF1A7009B8CCD /* ShuziUITestsLaunchTests.swift */; };
/* End PBXBuildFile section */

/* Begin PBXContainerItemProxy section */
		59783AD62B4CF1A7009B8CCD /* PBXContainerItemProxy */ = {
			isa = PBXContainerItemProxy;
			containerPortal = 59783ABC2B4CF1A4009B8CCD /* Project object */;
			proxyType = 1;
			remoteGlobalIDString = 59783AC32B4CF1A4009B8CCD;
			remoteInfo = Shuzi;
		};
		59783AE02B4CF1A7009B8CCD /* PBXContainerItemProxy */ = {
			isa = PBXContainerItemProxy;
			containerPortal = 59783ABC2B4CF1A4009B8CCD /* Project object */;
			proxyType = 1;
			remoteGlobalIDString = 59783AC32B4CF1A4009B8CCD;
			remoteInfo = Shuzi;
		};
/* End PBXContainerItemProxy section */

/* Begin PBXFileReference section */
		59783AC42B4CF1A4009B8CCD /* Shuzi.app */ = {isa = PBXFileReference; explicitFileType = wrapper.application; includeInIndex = 0; path = Shuzi.app; sourceTree = BUILT_PRODUCTS_DIR; };
		59783AC72B4CF1A4009B8CCD /* ShuziApp.swift */ = {isa = PBXFileReference; lastKnownFileType = sourcecode.swift; path = ShuziApp.swift; sourceTree = "<group>"; };
		59783AC92B4CF1A4009B8CCD /* ContentView.swift */ = {isa = PBXFileReference; lastKnownFileType = sourcecode.swift; path = ContentView.swift; sourceTree = "<group>"; };
		59783ACB2B4CF1A6009B8CCD /* Assets.xcassets */ = {isa = PBXFileReference; lastKnownFileType = folder.assetcatalog; path = Assets.xcassets; sourceTree = "<group>"; };
		59783ACD2B4CF1A6009B8CCD /* Shuzi.entitlements */ = {isa = PBXFileReference; lastKnownFileType = text.plist.entitlements; path = Shuzi.entitlements; sourceTree = "<group>"; };
		59783ACF2B4CF1A6009B8CCD /* Preview Assets.xcassets */ = {isa = PBXFileReference; lastKnownFileType = folder.assetcatalog; path = "Preview Assets.xcassets"; sourceTree = "<group>"; };
		59783AD52B4CF1A7009B8CCD /* ShuziTests.xctest */ = {isa = PBXFileReference; explicitFileType = wrapper.cfbundle; includeInIndex = 0; path = ShuziTests.xctest; sourceTree = BUILT_PRODUCTS_DIR; };
		59783AD92B4CF1A7009B8CCD /* ShuziTests.swift */ = {isa = PBXFileReference; lastKnownFileType = sourcecode.swift; path = ShuziTests.swift; sourceTree = "<group>"; };
		59783ADF2B4CF1A7009B8CCD /* ShuziUITests.xctest */ = {isa = PBXFileReference; explicitFileType = wrapper.cfbundle; includeInIndex = 0; path = ShuziUITests.xctest; sourceTree = BUILT_PRODUCTS_DIR; };
		59783AE32B4CF1A7009B8CCD /* ShuziUITests.swift */ = {isa = PBXFileReference; lastKnownFileType = sourcecode.swift; path = ShuziUITests.swift; sourceTree = "<group>"; };
		59783AE52B4CF1A7009B8CCD /* ShuziUITestsLaunchTests.swift */ = {isa = PBXFileReference; lastKnownFileType = sourcecode.swift; path = ShuziUITestsLaunchTests.swift; sourceTree = "<group>"; };
/* End PBXFileReference section */

/* Begin PBXFrameworksBuildPhase section */
		59783AC12B4CF1A4009B8CCD /* Frameworks */ = {
			isa = PBXFrameworksBuildPhase;
			buildActionMask = 2147483647;
			files = (
			);
			runOnlyForDeploymentPostprocessing = 0;
		};
		59783AD22B4CF1A7009B8CCD /* Frameworks */ = {
			isa = PBXFrameworksBuildPhase;
			buildActionMask = 2147483647;
			files = (
			);
			runOnlyForDeploymentPostprocessing = 0;
		};
		59783ADC2B4CF1A7009B8CCD /* Frameworks */ = {
			isa = PBXFrameworksBuildPhase;
			buildActionMask = 2147483647;
			files = (
			);
			runOnlyForDeploymentPostprocessing = 0;
		};
/* End PBXFrameworksBuildPhase section */

/* Begin PBXGroup section */
		59783ABB2B4CF1A4009B8CCD = {
			isa = PBXGroup;
			children = (
				59783AC62B4CF1A4009B8CCD /* Shuzi */,
				59783AD82B4CF1A7009B8CCD /* ShuziTests */,
				59783AE22B4CF1A7009B8CCD /* ShuziUITests */,
				59783AC52B4CF1A4009B8CCD /* Products */,
			);
			sourceTree = "<group>";
		};
		59783AC52B4CF1A4009B8CCD /* Products */ = {
			isa = PBXGroup;
			children = (
				59783AC42B4CF1A4009B8CCD /* Shuzi.app */,
				59783AD52B4CF1A7009B8CCD /* ShuziTests.xctest */,
				59783ADF2B4CF1A7009B8CCD /* ShuziUITests.xctest */,
			);
			name = Products;
			sourceTree = "<group>";
		};
		59783AC62B4CF1A4009B8CCD /* Shuzi */ = {
			isa = PBXGroup;
			children = (
				59783AC72B4CF1A4009B8CCD /* ShuziApp.swift */,
				59783AC92B4CF1A4009B8CCD /* ContentView.swift */,
				59783ACB2B4CF1A6009B8CCD /* Assets.xcassets */,
				59783ACD2B4CF1A6009B8CCD /* Shuzi.entitlements */,
				59783ACE2B4CF1A6009B8CCD /* Preview Content */,
			);
			path = Shuzi;
			sourceTree = "<group>";
		};
		59783ACE2B4CF1A6009B8CCD /* Preview Content */ = {
			isa = PBXGroup;
			children = (
				59783ACF2B4CF1A6009B8CCD /* Preview Assets.xcassets */,
			);
			path = "Preview Content";
			sourceTree = "<group>";
		};
		59783AD82B4CF1A7009B8CCD /* ShuziTests */ = {
			isa = PBXGroup;
			children = (
				59783AD92B4CF1A7009B8CCD /* ShuziTests.swift */,
			);
			path = ShuziTests;
			sourceTree = "<group>";
		};
		59783AE22B4CF1A7009B8CCD /* ShuziUITests */ = {
			isa = PBXGroup;
			children = (
				59783AE32B4CF1A7009B8CCD /* ShuziUITests.swift */,
				59783AE52B4CF1A7009B8CCD /* ShuziUITestsLaunchTests.swift */,
			);
			path = ShuziUITests;
			sourceTree = "<group>";
		};
/* End PBXGroup section */

/* Begin PBXNativeTarget section */
		59783AC32B4CF1A4009B8CCD /* Shuzi */ = {
			isa = PBXNativeTarget;
			buildConfigurationList = 59783AE92B4CF1A7009B8CCD /* Build configuration list for PBXNativeTarget "Shuzi" */;
			buildPhases = (
				59783AC02B4CF1A4009B8CCD /* Sources */,
				59783AC12B4CF1A4009B8CCD /* Frameworks */,
				59783AC22B4CF1A4009B8CCD /* Resources */,
			);
			buildRules = (
			);
			dependencies = (
			);
			name = Shuzi;
			productName = Shuzi;
			productReference = 59783AC42B4CF1A4009B8CCD /* Shuzi.app */;
			productType = "com.apple.product-type.application";
		};
		59783AD42B4CF1A7009B8CCD /* ShuziTests */ = {
			isa = PBXNativeTarget;
			buildConfigurationList = 59783AEC2B4CF1A7009B8CCD /* Build configuration list for PBXNativeTarget "ShuziTests" */;
			buildPhases = (
				59783AD12B4CF1A7009B8CCD /* Sources */,
				59783AD22B4CF1A7009B8CCD /* Frameworks */,
				59783AD32B4CF1A7009B8CCD /* Resources */,
			);
			buildRules = (
			);
			dependencies = (
				59783AD72B4CF1A7009B8CCD /* PBXTargetDependency */,
			);
			name = ShuziTests;
			productName = ShuziTests;
			productReference = 59783AD52B4CF1A7009B8CCD /* ShuziTests.xctest */;
			productType = "com.apple.product-type.bundle.unit-test";
		};
		59783ADE2B4CF1A7009B8CCD /* ShuziUITests */ = {
			isa = PBXNativeTarget;
			buildConfigurationList = 59783AEF2B4CF1A7009B8CCD /* Build configuration list for PBXNativeTarget "ShuziUITests" */;
			buildPhases = (
				59783ADB2B4CF1A7009B8CCD /* Sources */,
				59783ADC2B4CF1A7009B8CCD /* Frameworks */,
				59783ADD2B4CF1A7009B8CCD /* Resources */,
			);
			buildRules = (
			);
			dependencies = (
				59783AE12B4CF1A7009B8CCD /* PBXTargetDependency */,
			);
			name = ShuziUITests;
			productName = ShuziUITests;
			productReference = 59783ADF2B4CF1A7009B8CCD /* ShuziUITests.xctest */;
			productType = "com.apple.product-type.bundle.ui-testing";
		};
/* End PBXNativeTarget section */

/* Begin PBXProject section */
		59783ABC2B4CF1A4009B8CCD /* Project object */ = {
			isa = PBXProject;
			attributes = {
				BuildIndependentTargetsInParallel = 1;
				LastSwiftUpdateCheck = 1510;
				LastUpgradeCheck = 1510;
				TargetAttributes = {
					59783AC32B4CF1A4009B8CCD = {
						CreatedOnToolsVersion = 15.1;
					};
					59783AD42B4CF1A7009B8CCD = {
						CreatedOnToolsVersion = 15.1;
						TestTargetID = 59783AC32B4CF1A4009B8CCD;
					};
					59783ADE2B4CF1A7009B8CCD = {
						CreatedOnToolsVersion = 15.1;
						TestTargetID = 59783AC32B4CF1A4009B8CCD;
					};
				};
			};
			buildConfigurationList = 59783ABF2B4CF1A4009B8CCD /* Build configuration list for PBXProject "Shuzi" */;
			compatibilityVersion = "Xcode 14.0";
			developmentRegion = en;
			hasScannedForEncodings = 0;
			knownRegions = (
				en,
				Base,
			);
			mainGroup = 59783ABB2B4CF1A4009B8CCD;
			productRefGroup = 59783AC52B4CF1A4009B8CCD /* Products */;
			projectDirPath = "";
			projectRoot = "";
			targets = (
				59783AC32B4CF1A4009B8CCD /* Shuzi */,
				59783AD42B4CF1A7009B8CCD /* ShuziTests */,
				59783ADE2B4CF1A7009B8CCD /* ShuziUITests */,
			);
		};
/* End PBXProject section */

/* Begin PBXResourcesBuildPhase section */
		59783AC22B4CF1A4009B8CCD /* Resources */ = {
			isa = PBXResourcesBuildPhase;
			buildActionMask = 2147483647;
			files = (
				59783AD02B4CF1A6009B8CCD /* Preview Assets.xcassets in Resources */,
				59783ACC2B4CF1A6009B8CCD /* Assets.xcassets in Resources */,
			);
			runOnlyForDeploymentPostprocessing = 0;
		};
		59783AD32B4CF1A7009B8CCD /* Resources */ = {
			isa = PBXResourcesBuildPhase;
			buildActionMask = 2147483647;
			files = (
			);
			runOnlyForDeploymentPostprocessing = 0;
		};
		59783ADD2B4CF1A7009B8CCD /* Resources */ = {
			isa = PBXResourcesBuildPhase;
			buildActionMask = 2147483647;
			files = (
			);
			runOnlyForDeploymentPostprocessing = 0;
		};
/* End PBXResourcesBuildPhase section */

/* Begin PBXSourcesBuildPhase section */
		59783AC02B4CF1A4009B8CCD /* Sources */ = {
			isa = PBXSourcesBuildPhase;
			buildActionMask = 2147483647;
			files = (
				59783ACA2B4CF1A4009B8CCD /* ContentView.swift in Sources */,
				59783AC82B4CF1A4009B8CCD /* ShuziApp.swift in Sources */,
			);
			runOnlyForDeploymentPostprocessing = 0;
		};
		59783AD12B4CF1A7009B8CCD /* Sources */ = {
			isa = PBXSourcesBuildPhase;
			buildActionMask = 2147483647;
			files = (
				59783ADA2B4CF1A7009B8CCD /* ShuziTests.swift in Sources */,
			);
			runOnlyForDeploymentPostprocessing = 0;
		};
		59783ADB2B4CF1A7009B8CCD /* Sources */ = {
			isa = PBXSourcesBuildPhase;
			buildActionMask = 2147483647;
			files = (
				59783AE62B4CF1A7009B8CCD /* ShuziUITestsLaunchTests.swift in Sources */,
				59783AE42B4CF1A7009B8CCD /* ShuziUITests.swift in Sources */,
			);
			runOnlyForDeploymentPostprocessing = 0;
		};
/* End PBXSourcesBuildPhase section */

/* Begin PBXTargetDependency section */
		59783AD72B4CF1A7009B8CCD /* PBXTargetDependency */ = {
			isa = PBXTargetDependency;
			target = 59783AC32B4CF1A4009B8CCD /* Shuzi */;
			targetProxy = 59783AD62B4CF1A7009B8CCD /* PBXContainerItemProxy */;
		};
		59783AE12B4CF1A7009B8CCD /* PBXTargetDependency */ = {
			isa = PBXTargetDependency;
			target = 59783AC32B4CF1A4009B8CCD /* Shuzi */;
			targetProxy = 59783AE02B4CF1A7009B8CCD /* PBXContainerItemProxy */;
		};
/* End PBXTargetDependency section */

/* Begin XCBuildConfiguration section */
		59783AE72B4CF1A7009B8CCD /* Debug */ = {
			isa = XCBuildConfiguration;
			buildSettings = {
				ALWAYS_SEARCH_USER_PATHS = NO;
				ASSETCATALOG_COMPILER_GENERATE_SWIFT_ASSET_SYMBOL_EXTENSIONS = YES;
				CLANG_ANALYZER_NONNULL = YES;
				CLANG_ANALYZER_NUMBER_OBJECT_CONVERSION = YES_AGGRESSIVE;
				CLANG_CXX_LANGUAGE_STANDARD = "gnu++20";
				CLANG_ENABLE_MODULES = YES;
				CLANG_ENABLE_OBJC_ARC = YES;
				CLANG_ENABLE_OBJC_WEAK = YES;
				CLANG_WARN_BLOCK_CAPTURE_AUTORELEASING = YES;
				CLANG_WARN_BOOL_CONVERSION = YES;
				CLANG_WARN_COMMA = YES;
				CLANG_WARN_CONSTANT_CONVERSION = YES;
				CLANG_WARN_DEPRECATED_OBJC_IMPLEMENTATIONS = YES;
				CLANG_WARN_DIRECT_OBJC_ISA_USAGE = YES_ERROR;
				CLANG_WARN_DOCUMENTATION_COMMENTS = YES;
				CLANG_WARN_EMPTY_BODY = YES;
				CLANG_WARN_ENUM_CONVERSION = YES;
				CLANG_WARN_INFINITE_RECURSION = YES;
				CLANG_WARN_INT_CONVERSION = YES;
				CLANG_WARN_NON_LITERAL_NULL_CONVERSION = YES;
				CLANG_WARN_OBJC_IMPLICIT_RETAIN_SELF = YES;
				CLANG_WARN_OBJC_LITERAL_CONVERSION = YES;
				CLANG_WARN_OBJC_ROOT_CLASS = YES_ERROR;
				CLANG_WARN_QUOTED_INCLUDE_IN_FRAMEWORK_HEADER = YES;
				CLANG_WARN_RANGE_LOOP_ANALYSIS = YES;
				CLANG_WARN_STRICT_PROTOTYPES = YES;
				CLANG_WARN_SUSPICIOUS_MOVE = YES;
				CLANG_WARN_UNGUARDED_AVAILABILITY = YES_AGGRESSIVE;
				CLANG_WARN_UNREACHABLE_CODE = YES;
				CLANG_WARN__DUPLICATE_METHOD_MATCH = YES;
				COPY_PHASE_STRIP = NO;
				DEBUG_INFORMATION_FORMAT = dwarf;
				ENABLE_STRICT_OBJC_MSGSEND = YES;
				ENABLE_TESTABILITY = YES;
				ENABLE_USER_SCRIPT_SANDBOXING = YES;
				GCC_C_LANGUAGE_STANDARD = gnu17;
				GCC_DYNAMIC_NO_PIC = NO;
				GCC_NO_COMMON_BLOCKS = YES;
				GCC_OPTIMIZATION_LEVEL = 0;
				GCC_PREPROCESSOR_DEFINITIONS = (
					"DEBUG=1",
					"$(inherited)",
				);
				GCC_WARN_64_TO_32_BIT_CONVERSION = YES;
				GCC_WARN_ABOUT_RETURN_TYPE = YES_ERROR;
				GCC_WARN_UNDECLARED_SELECTOR = YES;
				GCC_WARN_UNINITIALIZED_AUTOS = YES_AGGRESSIVE;
				GCC_WARN_UNUSED_FUNCTION = YES;
				GCC_WARN_UNUSED_VARIABLE = YES;
				LOCALIZATION_PREFERS_STRING_CATALOGS = YES;
				MTL_ENABLE_DEBUG_INFO = INCLUDE_SOURCE;
				MTL_FAST_MATH = YES;
				ONLY_ACTIVE_ARCH = YES;
				SWIFT_ACTIVE_COMPILATION_CONDITIONS = "DEBUG $(inherited)";
				SWIFT_OPTIMIZATION_LEVEL = "-Onone";
			};
			name = Debug;
		};
		59783AE82B4CF1A7009B8CCD /* Release */ = {
			isa = XCBuildConfiguration;
			buildSettings = {
				ALWAYS_SEARCH_USER_PATHS = NO;
				ASSETCATALOG_COMPILER_GENERATE_SWIFT_ASSET_SYMBOL_EXTENSIONS = YES;
				CLANG_ANALYZER_NONNULL = YES;
				CLANG_ANALYZER_NUMBER_OBJECT_CONVERSION = YES_AGGRESSIVE;
				CLANG_CXX_LANGUAGE_STANDARD = "gnu++20";
				CLANG_ENABLE_MODULES = YES;
				CLANG_ENABLE_OBJC_ARC = YES;
				CLANG_ENABLE_OBJC_WEAK = YES;
				CLANG_WARN_BLOCK_CAPTURE_AUTORELEASING = YES;
				CLANG_WARN_BOOL_CONVERSION = YES;
				CLANG_WARN_COMMA = YES;
				CLANG_WARN_CONSTANT_CONVERSION = YES;
				CLANG_WARN_DEPRECATED_OBJC_IMPLEMENTATIONS = YES;
				CLANG_WARN_DIRECT_OBJC_ISA_USAGE = YES_ERROR;
				CLANG_WARN_DOCUMENTATION_COMMENTS = YES;
				CLANG_WARN_EMPTY_BODY = YES;
				CLANG_WARN_ENUM_CONVERSION = YES;
				CLANG_WARN_INFINITE_RECURSION = YES;
				CLANG_WARN_INT_CONVERSION = YES;
				CLANG_WARN_NON_LITERAL_NULL_CONVERSION = YES;
				CLANG_WARN_OBJC_IMPLICIT_RETAIN_SELF = YES;
				CLANG_WARN_OBJC_LITERAL_CONVERSION = YES;
				CLANG_WARN_OBJC_ROOT_CLASS = YES_ERROR;
				CLANG_WARN_QUOTED_INCLUDE_IN_FRAMEWORK_HEADER = YES;
				CLANG_WARN_RANGE_LOOP_ANALYSIS = YES;
				CLANG_WARN_STRICT_PROTOTYPES = YES;
				CLANG_WARN_SUSPICIOUS_MOVE = YES;
				CLANG_WARN_UNGUARDED_AVAILABILITY = YES_AGGRESSIVE;
				CLANG_WARN_UNREACHABLE_CODE = YES;
				CLANG_WARN__DUPLICATE_METHOD_MATCH = YES;
				COPY_PHASE_STRIP = NO;
				DEBUG_INFORMATION_FORMAT = "dwarf-with-dsym";
				ENABLE_NS_ASSERTIONS = NO;
				ENABLE_STRICT_OBJC_MSGSEND = YES;
				ENABLE_USER_SCRIPT_SANDBOXING = YES;
				GCC_C_LANGUAGE_STANDARD = gnu17;
				GCC_NO_COMMON_BLOCKS = YES;
				GCC_WARN_64_TO_32_BIT_CONVERSION = YES;
				GCC_WARN_ABOUT_RETURN_TYPE = YES_ERROR;
				GCC_WARN_UNDECLARED_SELECTOR = YES;
				GCC_WARN_UNINITIALIZED_AUTOS = YES_AGGRESSIVE;
				GCC_WARN_UNUSED_FUNCTION = YES;
				GCC_WARN_UNUSED_VARIABLE = YES;
				LOCALIZATION_PREFERS_STRING_CATALOGS = YES;
				MTL_ENABLE_DEBUG_INFO = NO;
				MTL_FAST_MATH = YES;
				SWIFT_COMPILATION_MODE = wholemodule;
			};
			name = Release;
		};
		59783AEA2B4CF1A7009B8CCD /* Debug */ = {
			isa = XCBuildConfiguration;
			buildSettings = {
				ASSETCATALOG_COMPILER_APPICON_NAME = AppIcon;
				ASSETCATALOG_COMPILER_GLOBAL_ACCENT_COLOR_NAME = AccentColor;
				CODE_SIGN_ENTITLEMENTS = Shuzi/Shuzi.entitlements;
				CODE_SIGN_STYLE = Automatic;
				CURRENT_PROJECT_VERSION = 1;
				DEVELOPMENT_ASSET_PATHS = "\"Shuzi/Preview Content\"";
				DEVELOPMENT_TEAM = V654JCM75F;
				ENABLE_HARDENED_RUNTIME = YES;
				ENABLE_PREVIEWS = YES;
				GENERATE_INFOPLIST_FILE = YES;
				"INFOPLIST_KEY_UIApplicationSceneManifest_Generation[sdk=iphoneos*]" = YES;
				"INFOPLIST_KEY_UIApplicationSceneManifest_Generation[sdk=iphonesimulator*]" = YES;
				"INFOPLIST_KEY_UIApplicationSupportsIndirectInputEvents[sdk=iphoneos*]" = YES;
				"INFOPLIST_KEY_UIApplicationSupportsIndirectInputEvents[sdk=iphonesimulator*]" = YES;
				"INFOPLIST_KEY_UILaunchScreen_Generation[sdk=iphoneos*]" = YES;
				"INFOPLIST_KEY_UILaunchScreen_Generation[sdk=iphonesimulator*]" = YES;
				"INFOPLIST_KEY_UIStatusBarStyle[sdk=iphoneos*]" = UIStatusBarStyleDefault;
				"INFOPLIST_KEY_UIStatusBarStyle[sdk=iphonesimulator*]" = UIStatusBarStyleDefault;
				INFOPLIST_KEY_UISupportedInterfaceOrientations_iPad = "UIInterfaceOrientationPortrait UIInterfaceOrientationPortraitUpsideDown UIInterfaceOrientationLandscapeLeft UIInterfaceOrientationLandscapeRight";
				INFOPLIST_KEY_UISupportedInterfaceOrientations_iPhone = "UIInterfaceOrientationPortrait UIInterfaceOrientationLandscapeLeft UIInterfaceOrientationLandscapeRight";
				IPHONEOS_DEPLOYMENT_TARGET = 17.2;
				LD_RUNPATH_SEARCH_PATHS = "@executable_path/Frameworks";
				"LD_RUNPATH_SEARCH_PATHS[sdk=macosx*]" = "@executable_path/../Frameworks";
				MACOSX_DEPLOYMENT_TARGET = 14.2;
				MARKETING_VERSION = 1.0;
				PRODUCT_BUNDLE_IDENTIFIER = MaleoGroup.Shuzi;
				PRODUCT_NAME = "$(TARGET_NAME)";
				SDKROOT = auto;
				SUPPORTED_PLATFORMS = "iphoneos iphonesimulator macosx";
				SWIFT_EMIT_LOC_STRINGS = YES;
				SWIFT_VERSION = 5.0;
				TARGETED_DEVICE_FAMILY = "1,2";
			};
			name = Debug;
		};
		59783AEB2B4CF1A7009B8CCD /* Release */ = {
			isa = XCBuildConfiguration;
			buildSettings = {
				ASSETCATALOG_COMPILER_APPICON_NAME = AppIcon;
				ASSETCATALOG_COMPILER_GLOBAL_ACCENT_COLOR_NAME = AccentColor;
				CODE_SIGN_ENTITLEMENTS = Shuzi/Shuzi.entitlements;
				CODE_SIGN_STYLE = Automatic;
				CURRENT_PROJECT_VERSION = 1;
				DEVELOPMENT_ASSET_PATHS = "\"Shuzi/Preview Content\"";
				DEVELOPMENT_TEAM = V654JCM75F;
				ENABLE_HARDENED_RUNTIME = YES;
				ENABLE_PREVIEWS = YES;
				GENERATE_INFOPLIST_FILE = YES;
				"INFOPLIST_KEY_UIApplicationSceneManifest_Generation[sdk=iphoneos*]" = YES;
				"INFOPLIST_KEY_UIApplicationSceneManifest_Generation[sdk=iphonesimulator*]" = YES;
				"INFOPLIST_KEY_UIApplicationSupportsIndirectInputEvents[sdk=iphoneos*]" = YES;
				"INFOPLIST_KEY_UIApplicationSupportsIndirectInputEvents[sdk=iphonesimulator*]" = YES;
				"INFOPLIST_KEY_UILaunchScreen_Generation[sdk=iphoneos*]" = YES;
				"INFOPLIST_KEY_UILaunchScreen_Generation[sdk=iphonesimulator*]" = YES;
				"INFOPLIST_KEY_UIStatusBarStyle[sdk=iphoneos*]" = UIStatusBarStyleDefault;
				"INFOPLIST_KEY_UIStatusBarStyle[sdk=iphonesimulator*]" = UIStatusBarStyleDefault;
				INFOPLIST_KEY_UISupportedInterfaceOrientations_iPad = "UIInterfaceOrientationPortrait UIInterfaceOrientationPortraitUpsideDown UIInterfaceOrientationLandscapeLeft UIInterfaceOrientationLandscapeRight";
				INFOPLIST_KEY_UISupportedInterfaceOrientations_iPhone = "UIInterfaceOrientationPortrait UIInterfaceOrientationLandscapeLeft UIInterfaceOrientationLandscapeRight";
				IPHONEOS_DEPLOYMENT_TARGET = 17.2;
				LD_RUNPATH_SEARCH_PATHS = "@executable_path/Frameworks";
				"LD_RUNPATH_SEARCH_PATHS[sdk=macosx*]" = "@executable_path/../Frameworks";
				MACOSX_DEPLOYMENT_TARGET = 14.2;
				MARKETING_VERSION = 1.0;
				PRODUCT_BUNDLE_IDENTIFIER = MaleoGroup.Shuzi;
				PRODUCT_NAME = "$(TARGET_NAME)";
				SDKROOT = auto;
				SUPPORTED_PLATFORMS = "iphoneos iphonesimulator macosx";
				SWIFT_EMIT_LOC_STRINGS = YES;
				SWIFT_VERSION = 5.0;
				TARGETED_DEVICE_FAMILY = "1,2";
			};
			name = Release;
		};
		59783AED2B4CF1A7009B8CCD /* Debug */ = {
			isa = XCBuildConfiguration;
			buildSettings = {
				ALWAYS_EMBED_SWIFT_STANDARD_LIBRARIES = YES;
				BUNDLE_LOADER = "$(TEST_HOST)";
				CODE_SIGN_STYLE = Automatic;
				CURRENT_PROJECT_VERSION = 1;
				DEVELOPMENT_TEAM = V654JCM75F;
				GENERATE_INFOPLIST_FILE = YES;
				IPHONEOS_DEPLOYMENT_TARGET = 17.2;
				MACOSX_DEPLOYMENT_TARGET = 14.2;
				MARKETING_VERSION = 1.0;
				PRODUCT_BUNDLE_IDENTIFIER = MaleoGroup.ShuziTests;
				PRODUCT_NAME = "$(TARGET_NAME)";
				SDKROOT = auto;
				SUPPORTED_PLATFORMS = "iphoneos iphonesimulator macosx";
				SWIFT_EMIT_LOC_STRINGS = NO;
				SWIFT_VERSION = 5.0;
				TARGETED_DEVICE_FAMILY = "1,2";
				TEST_HOST = "$(BUILT_PRODUCTS_DIR)/Shuzi.app/$(BUNDLE_EXECUTABLE_FOLDER_PATH)/Shuzi";
			};
			name = Debug;
		};
		59783AEE2B4CF1A7009B8CCD /* Release */ = {
			isa = XCBuildConfiguration;
			buildSettings = {
				ALWAYS_EMBED_SWIFT_STANDARD_LIBRARIES = YES;
				BUNDLE_LOADER = "$(TEST_HOST)";
				CODE_SIGN_STYLE = Automatic;
				CURRENT_PROJECT_VERSION = 1;
				DEVELOPMENT_TEAM = V654JCM75F;
				GENERATE_INFOPLIST_FILE = YES;
				IPHONEOS_DEPLOYMENT_TARGET = 17.2;
				MACOSX_DEPLOYMENT_TARGET = 14.2;
				MARKETING_VERSION = 1.0;
				PRODUCT_BUNDLE_IDENTIFIER = MaleoGroup.ShuziTests;
				PRODUCT_NAME = "$(TARGET_NAME)";
				SDKROOT = auto;
				SUPPORTED_PLATFORMS = "iphoneos iphonesimulator macosx";
				SWIFT_EMIT_LOC_STRINGS = NO;
				SWIFT_VERSION = 5.0;
				TARGETED_DEVICE_FAMILY = "1,2";
				TEST_HOST = "$(BUILT_PRODUCTS_DIR)/Shuzi.app/$(BUNDLE_EXECUTABLE_FOLDER_PATH)/Shuzi";
			};
			name = Release;
		};
		59783AF02B4CF1A7009B8CCD /* Debug */ = {
			isa = XCBuildConfiguration;
			buildSettings = {
				ALWAYS_EMBED_SWIFT_STANDARD_LIBRARIES = YES;
				CODE_SIGN_STYLE = Automatic;
				CURRENT_PROJECT_VERSION = 1;
				DEVELOPMENT_TEAM = V654JCM75F;
				GENERATE_INFOPLIST_FILE = YES;
				IPHONEOS_DEPLOYMENT_TARGET = 17.2;
				MACOSX_DEPLOYMENT_TARGET = 14.2;
				MARKETING_VERSION = 1.0;
				PRODUCT_BUNDLE_IDENTIFIER = MaleoGroup.ShuziUITests;
				PRODUCT_NAME = "$(TARGET_NAME)";
				SDKROOT = auto;
				SUPPORTED_PLATFORMS = "iphoneos iphonesimulator macosx";
				SWIFT_EMIT_LOC_STRINGS = NO;
				SWIFT_VERSION = 5.0;
				TARGETED_DEVICE_FAMILY = "1,2";
				TEST_TARGET_NAME = Shuzi;
			};
			name = Debug;
		};
		59783AF12B4CF1A7009B8CCD /* Release */ = {
			isa = XCBuildConfiguration;
			buildSettings = {
				ALWAYS_EMBED_SWIFT_STANDARD_LIBRARIES = YES;
				CODE_SIGN_STYLE = Automatic;
				CURRENT_PROJECT_VERSION = 1;
				DEVELOPMENT_TEAM = V654JCM75F;
				GENERATE_INFOPLIST_FILE = YES;
				IPHONEOS_DEPLOYMENT_TARGET = 17.2;
				MACOSX_DEPLOYMENT_TARGET = 14.2;
				MARKETING_VERSION = 1.0;
				PRODUCT_BUNDLE_IDENTIFIER = MaleoGroup.ShuziUITests;
				PRODUCT_NAME = "$(TARGET_NAME)";
				SDKROOT = auto;
				SUPPORTED_PLATFORMS = "iphoneos iphonesimulator macosx";
				SWIFT_EMIT_LOC_STRINGS = NO;
				SWIFT_VERSION = 5.0;
				TARGETED_DEVICE_FAMILY = "1,2";
				TEST_TARGET_NAME = Shuzi;
			};
			name = Release;
		};
/* End XCBuildConfiguration section */

/* Begin XCConfigurationList section */
		59783ABF2B4CF1A4009B8CCD /* Build configuration list for PBXProject "Shuzi" */ = {
			isa = XCConfigurationList;
			buildConfigurations = (
				59783AE72B4CF1A7009B8CCD /* Debug */,
				59783AE82B4CF1A7009B8CCD /* Release */,
			);
			defaultConfigurationIsVisible = 0;
			defaultConfigurationName = Release;
		};
		59783AE92B4CF1A7009B8CCD /* Build configuration list for PBXNativeTarget "Shuzi" */ = {
			isa = XCConfigurationList;
			buildConfigurations = (
				59783AEA2B4CF1A7009B8CCD /* Debug */,
				59783AEB2B4CF1A7009B8CCD /* Release */,
			);
			defaultConfigurationIsVisible = 0;
			defaultConfigurationName = Release;
		};
		59783AEC2B4CF1A7009B8CCD /* Build configuration list for PBXNativeTarget "ShuziTests" */ = {
			isa = XCConfigurationList;
			buildConfigurations = (
				59783AED2B4CF1A7009B8CCD /* Debug */,
				59783AEE2B4CF1A7009B8CCD /* Release */,
			);
			defaultConfigurationIsVisible = 0;
			defaultConfigurationName = Release;
		};
		59783AEF2B4CF1A7009B8CCD /* Build configuration list for PBXNativeTarget "ShuziUITests" */ = {
			isa = XCConfigurationList;
			buildConfigurations = (
				59783AF02B4CF1A7009B8CCD /* Debug */,
				59783AF12B4CF1A7009B8CCD /* Release */,
			);
			defaultConfigurationIsVisible = 0;
			defaultConfigurationName = Release;
		};
/* End XCConfigurationList section */
	};
	rootObject = 59783ABC2B4CF1A4009B8CCD /* Project object */;
}
